
Microsoft Visual Studio Solution File, Format Version 12.00
# Visual Studio 2013
VisualStudioVersion = 12.0.30501.0
MinimumVisualStudioVersion = 10.0.40219.1
Project("{FAE04EC0-301F-11D3-BF4B-00C04F79EFBC}") = "APIService", "APIService\APIService.csproj", "{7D5EB9C8-EF3D-4A3E-B913-F9D56B1036A9}"
EndProject
Project("{FAE04EC0-301F-11D3-BF4B-00C04F79EFBC}") = "ServiceStackAPi", "ServiceStackAPi\ServiceStackAPi.csproj", "{65266624-CEFC-43A4-B07B-8FDB3E54F252}"
EndProject
Project("{FAE04EC0-301F-11D3-BF4B-00C04F79EFBC}") = "Consumer", "Consumer\Consumer.csproj", "{0766C089-5CB1-4E77-81F8-2997AC0ADC10}"
EndProject
Global
	GlobalSection(TeamFoundationVersionControl) = preSolution
		SccNumberOfProjects = 4
		SccEnterpriseProvider = {4CA58AB2-18FA-4F8D-95D4-32DDF27D184C}
		SccTeamFoundationServer = https://khanasif1.visualstudio.com/defaultcollection
		SccLocalPath0 = .
		SccProjectUniqueName1 = APIService\\APIService.csproj
		SccProjectName1 = APIService
		SccLocalPath1 = APIService
		SccProjectUniqueName2 = Consumer\\Consumer.csproj
		SccProjectName2 = Consumer
		SccLocalPath2 = Consumer
		SccProjectUniqueName3 = ServiceStackAPi\\ServiceStackAPi.csproj
		SccProjectName3 = ServiceStackAPi
		SccLocalPath3 = ServiceStackAPi
	EndGlobalSection
	GlobalSection(SolutionConfigurationPlatforms) = preSolution
		Debug|Any CPU = Debug|Any CPU
		Release|Any CPU = Release|Any CPU
	EndGlobalSection
	GlobalSection(ProjectConfigurationPlatforms) = postSolution
		{7D5EB9C8-EF3D-4A3E-B913-F9D56B1036A9}.Debug|Any CPU.ActiveCfg = Debug|Any CPU
		{7D5EB9C8-EF3D-4A3E-B913-F9D56B1036A9}.Debug|Any CPU.Build.0 = Debug|Any CPU
		{7D5EB9C8-EF3D-4A3E-B913-F9D56B1036A9}.Release|Any CPU.ActiveCfg = Release|Any CPU
		{7D5EB9C8-EF3D-4A3E-B913-F9D56B1036A9}.Release|Any CPU.Build.0 = Release|Any CPU
		{65266624-CEFC-43A4-B07B-8FDB3E54F252}.Debug|Any CPU.ActiveCfg = Debug|Any CPU
		{65266624-CEFC-43A4-B07B-8FDB3E54F252}.Debug|Any CPU.Build.0 = Debug|Any CPU
		{65266624-CEFC-43A4-B07B-8FDB3E54F252}.Release|Any CPU.ActiveCfg = Release|Any CPU
		{65266624-CEFC-43A4-B07B-8FDB3E54F252}.Release|Any CPU.Build.0 = Release|Any CPU
		{0766C089-5CB1-4E77-81F8-2997AC0ADC10}.Debug|Any CPU.ActiveCfg = Debug|Any CPU
		{0766C089-5CB1-4E77-81F8-2997AC0ADC10}.Debug|Any CPU.Build.0 = Debug|Any CPU
		{0766C089-5CB1-4E77-81F8-2997AC0ADC10}.Release|Any CPU.ActiveCfg = Release|Any CPU
		{0766C089-5CB1-4E77-81F8-2997AC0ADC10}.Release|Any CPU.Build.0 = Release|Any CPU
	EndGlobalSection
	GlobalSection(SolutionProperties) = preSolution
		HideSolutionNode = FALSE
	EndGlobalSection
EndGlobal
