
Microsoft Visual Studio Solution File, Format Version 12.00
# Visual Studio 2013
VisualStudioVersion = 12.0.30723.0
MinimumVisualStudioVersion = 10.0.40219.1
Project("{FAE04EC0-301F-11D3-BF4B-00C04F79EFBC}") = "Domain.PropertyMatch.IService", "Domain.PropertyMatch.IService\Domain.PropertyMatch.IService.csproj", "{BC51DE7E-16E7-461A-B202-7E2B405920A5}"
EndProject
Project("{FAE04EC0-301F-11D3-BF4B-00C04F79EFBC}") = "Domain.PropertyMatch.Model", "Domain.PropertyMatch.Model\Domain.PropertyMatch.Model.csproj", "{C342200E-6BCB-4CAD-8FF5-2892A0A208CF}"
EndProject
Project("{FAE04EC0-301F-11D3-BF4B-00C04F79EFBC}") = "Domain.PropertyMatch.Service", "Domain.PropertyMatch.Service\Domain.PropertyMatch.Service.csproj", "{6F49FED0-D202-49FC-8EF4-8227BC3BA54B}"
EndProject
Project("{FAE04EC0-301F-11D3-BF4B-00C04F79EFBC}") = "Domain.PropertyMatch.UnitTest", "Domain.PropertyMatch.UnitTest\Domain.PropertyMatch.UnitTest.csproj", "{60B995C6-5BCD-4845-8193-9B077F6C1A65}"
EndProject
Global
	GlobalSection(SolutionConfigurationPlatforms) = preSolution
		Debug|Any CPU = Debug|Any CPU
		Release|Any CPU = Release|Any CPU
	EndGlobalSection
	GlobalSection(ProjectConfigurationPlatforms) = postSolution
		{BC51DE7E-16E7-461A-B202-7E2B405920A5}.Debug|Any CPU.ActiveCfg = Debug|Any CPU
		{BC51DE7E-16E7-461A-B202-7E2B405920A5}.Debug|Any CPU.Build.0 = Debug|Any CPU
		{BC51DE7E-16E7-461A-B202-7E2B405920A5}.Release|Any CPU.ActiveCfg = Release|Any CPU
		{BC51DE7E-16E7-461A-B202-7E2B405920A5}.Release|Any CPU.Build.0 = Release|Any CPU
		{C342200E-6BCB-4CAD-8FF5-2892A0A208CF}.Debug|Any CPU.ActiveCfg = Debug|Any CPU
		{C342200E-6BCB-4CAD-8FF5-2892A0A208CF}.Debug|Any CPU.Build.0 = Debug|Any CPU
		{C342200E-6BCB-4CAD-8FF5-2892A0A208CF}.Release|Any CPU.ActiveCfg = Release|Any CPU
		{C342200E-6BCB-4CAD-8FF5-2892A0A208CF}.Release|Any CPU.Build.0 = Release|Any CPU
		{6F49FED0-D202-49FC-8EF4-8227BC3BA54B}.Debug|Any CPU.ActiveCfg = Debug|Any CPU
		{6F49FED0-D202-49FC-8EF4-8227BC3BA54B}.Debug|Any CPU.Build.0 = Debug|Any CPU
		{6F49FED0-D202-49FC-8EF4-8227BC3BA54B}.Release|Any CPU.ActiveCfg = Release|Any CPU
		{6F49FED0-D202-49FC-8EF4-8227BC3BA54B}.Release|Any CPU.Build.0 = Release|Any CPU
		{60B995C6-5BCD-4845-8193-9B077F6C1A65}.Debug|Any CPU.ActiveCfg = Debug|Any CPU
		{60B995C6-5BCD-4845-8193-9B077F6C1A65}.Debug|Any CPU.Build.0 = Debug|Any CPU
		{60B995C6-5BCD-4845-8193-9B077F6C1A65}.Release|Any CPU.ActiveCfg = Release|Any CPU
		{60B995C6-5BCD-4845-8193-9B077F6C1A65}.Release|Any CPU.Build.0 = Release|Any CPU
	EndGlobalSection
	GlobalSection(SolutionProperties) = preSolution
		HideSolutionNode = FALSE
	EndGlobalSection
EndGlobal
